<?xml version="1.0" encoding="utf-8"?>
<Project ToolsVersion="17.0" xmlns="http://schemas.microsoft.com/developer/msbuild/2003">
  <ItemGroup>
    <CustomBuild Include="F:\CMake\CMake\CMakeFiles\e8988f298fc6b0b070ecf9f3f9a1eeec\generate.stamp.rule">
      <Filter>CMake Rules</Filter>
    </CustomBuild>
  </ItemGroup>
  <ItemGroup>
    <Filter Include="CMake Rules">
      <UniqueIdentifier>{72CD2C1B-5FA9-3FB4-91C0-989FC483B21C}</UniqueIdentifier>
    </Filter>
  </ItemGroup>
</Project>
